
Microsoft Visual Studio Solution File, Format Version 12.00
Project("{FAE04EC0-301F-11D3-BF4B-00C04F79EFBC}") = "WorkflowLib", "WorkflowLib\WorkflowLib.csproj", "{6962ED3C-E823-44B9-A03B-4D3761544074}"
EndProject
Project("{FAE04EC0-301F-11D3-BF4B-00C04F79EFBC}") = "WorkflowDemo", "WorkflowDemo\WorkflowDemo.csproj", "{AB9ECDB3-73C8-432C-B3FB-A08BEACB25AF}"
EndProject
Global
	GlobalSection(SolutionConfigurationPlatforms) = preSolution
		Debug|Any CPU = Debug|Any CPU
		Release|Any CPU = Release|Any CPU
	EndGlobalSection
	GlobalSection(ProjectConfigurationPlatforms) = postSolution
		{6962ED3C-E823-44B9-A03B-4D3761544074}.Debug|Any CPU.ActiveCfg = Debug|Any CPU
		{6962ED3C-E823-44B9-A03B-4D3761544074}.Debug|Any CPU.Build.0 = Debug|Any CPU
		{6962ED3C-E823-44B9-A03B-4D3761544074}.Release|Any CPU.ActiveCfg = Release|Any CPU
		{6962ED3C-E823-44B9-A03B-4D3761544074}.Release|Any CPU.Build.0 = Release|Any CPU
		{AB9ECDB3-73C8-432C-B3FB-A08BEACB25AF}.Debug|Any CPU.ActiveCfg = Debug|Any CPU
		{AB9ECDB3-73C8-432C-B3FB-A08BEACB25AF}.Debug|Any CPU.Build.0 = Debug|Any CPU
		{AB9ECDB3-73C8-432C-B3FB-A08BEACB25AF}.Release|Any CPU.ActiveCfg = Release|Any CPU
		{AB9ECDB3-73C8-432C-B3FB-A08BEACB25AF}.Release|Any CPU.Build.0 = Release|Any CPU
	EndGlobalSection
EndGlobal
